preprocess:
  cmd: python src/preprocess.py
  deps:
  - path: assets/original_data
    md5: c7d5ecbe82370c1b0075e34a7a7112d6.dir
  outs:
  - path: assets/preprocessed
    md5: 66addf298129e566dfa121f55a175e58.dir
featurize:
  cmd: python src/featurize.py
  deps:
  - path: assets/preprocessed/train.csv
    md5: d09d335a5a2234ceaa1623d37b93ea3d
  - path: src/preprocess.py
    md5: a494ed66a55c1bde40999823eac1055f
  outs:
  - path: assets/featurized/
    md5: 22ceea08f51c4a9f652fa30b1a300707.dir
train_test_eval:
  cmd: python src/model.py
  deps:
  - path: assets/featurized
    md5: 22ceea08f51c4a9f652fa30b1a300707.dir
  - path: src/model.py
    md5: 31fb8697413ea4146905adc6defa5788
  params:
    params.yaml:
      model.random: 20
      model.split: 0.3
  outs:
  - path: assets/eval/scores.json
    md5: e810a12ce2154ab81b3b328a901ab495
  - path: assets/models
    md5: b456298c69f81d9f1b27f9d5802ed6b7.dir
